# This file is automatically @generated by Cargo.
# It is not intended for manual editing.
version = 4

[[package]]
name = "headless_runner"
version = "0.1.0"
dependencies = [
 "sim_core",
 "sim_host",
 "sim_td",
]

[[package]]
name = "sim_core"
version = "0.1.0"

[[package]]
name = "sim_host"
version = "0.1.0"
dependencies = [
 "sim_core",
]

[[package]]
name = "sim_td"
version = "0.1.0"
dependencies = [
 "sim_core",
]
